
Microsoft Visual Studio Solution File, Format Version 12.00
# Visual Studio Version 17
VisualStudioVersion = 17.14.36518.9 d17.14
MinimumVisualStudioVersion = 10.0.40219.1
Project("{FAE04EC0-301F-11D3-BF4B-00C04F79EFBC}") = "SCD_Lab_Week_5", "SCD_Lab_Week_5\SCD_Lab_Week_5.csproj", "{DA6B9DAA-B2D4-46D9-A5E9-619207733B74}"
EndProject
Global
	GlobalSection(SolutionConfigurationPlatforms) = preSolution
		Debug|Any CPU = Debug|Any CPU
		Release|Any CPU = Release|Any CPU
	EndGlobalSection
	GlobalSection(ProjectConfigurationPlatforms) = postSolution
		{DA6B9DAA-B2D4-46D9-A5E9-619207733B74}.Debug|Any CPU.ActiveCfg = Debug|Any CPU
		{DA6B9DAA-B2D4-46D9-A5E9-619207733B74}.Debug|Any CPU.Build.0 = Debug|Any CPU
		{DA6B9DAA-B2D4-46D9-A5E9-619207733B74}.Release|Any CPU.ActiveCfg = Release|Any CPU
		{DA6B9DAA-B2D4-46D9-A5E9-619207733B74}.Release|Any CPU.Build.0 = Release|Any CPU
	EndGlobalSection
	GlobalSection(SolutionProperties) = preSolution
		HideSolutionNode = FALSE
	EndGlobalSection
	GlobalSection(ExtensibilityGlobals) = postSolution
		SolutionGuid = {B161C1A5-8EFB-4541-84B3-C1C01863B8D7}
	EndGlobalSection
EndGlobal
